// !$*UTF8*$!
{
	archiveVersion = 1;
	classes = {
	};
	objectVersion = 46;
	objects = {

/* Begin PBXBuildFile section */
		51770D921F1D5F880014271B /* CameraStreamView.swift in Sources */ = {isa = PBXBuildFile; fileRef = 51770D911F1D5F880014271B /* CameraStreamView.swift */; };
		5195C28F1F1D46B00050DD92 /* AppDelegate.swift in Sources */ = {isa = PBXBuildFile; fileRef = 5195C28E1F1D46B00050DD92 /* AppDelegate.swift */; };
		5195C2961F1D46B00050DD92 /* Main.storyboard in Resources */ = {isa = PBXBuildFile; fileRef = 5195C2941F1D46B00050DD92 /* Main.storyboard */; };
		5195C2981F1D46B00050DD92 /* Assets.xcassets in Resources */ = {isa = PBXBuildFile; fileRef = 5195C2971F1D46B00050DD92 /* Assets.xcassets */; };
		5195C29B1F1D46B00050DD92 /* LaunchScreen.storyboard in Resources */ = {isa = PBXBuildFile; fileRef = 5195C2991F1D46B00050DD92 /* LaunchScreen.storyboard */; };
		51A272E81F1D57DE00DF01ED /* CameraStreamView.xib in Resources */ = {isa = PBXBuildFile; fileRef = 51A272E71F1D57DE00DF01ED /* CameraStreamView.xib */; };
		51BA90071F1D721100718216 /* UIButton.swift in Sources */ = {isa = PBXBuildFile; fileRef = 51BA90061F1D721100718216 /* UIButton.swift */; };
		51BA900C1F1D8F0C00718216 /* ToolTemperatureView.xib in Resources */ = {isa = PBXBuildFile; fileRef = 51BA900B1F1D8F0C00718216 /* ToolTemperatureView.xib */; };
		51BA900F1F1D934100718216 /* ToolTemperatureView.swift in Sources */ = {isa = PBXBuildFile; fileRef = 51BA900E1F1D934100718216 /* ToolTemperatureView.swift */; };
/* End PBXBuildFile section */

/* Begin PBXFileReference section */
		51770D911F1D5F880014271B /* CameraStreamView.swift */ = {isa = PBXFileReference; fileEncoding = 4; lastKnownFileType = sourcecode.swift; path = CameraStreamView.swift; sourceTree = "<group>"; };
		5195C28B1F1D46B00050DD92 /* AnyPrint.app */ = {isa = PBXFileReference; explicitFileType = wrapper.application; includeInIndex = 0; path = AnyPrint.app; sourceTree = BUILT_PRODUCTS_DIR; };
		5195C28E1F1D46B00050DD92 /* AppDelegate.swift */ = {isa = PBXFileReference; lastKnownFileType = sourcecode.swift; path = AppDelegate.swift; sourceTree = "<group>"; };
		5195C2951F1D46B00050DD92 /* Base */ = {isa = PBXFileReference; lastKnownFileType = file.storyboard; name = Base; path = Base.lproj/Main.storyboard; sourceTree = "<group>"; };
		5195C2971F1D46B00050DD92 /* Assets.xcassets */ = {isa = PBXFileReference; lastKnownFileType = folder.assetcatalog; path = Assets.xcassets; sourceTree = "<group>"; };
		5195C29A1F1D46B00050DD92 /* Base */ = {isa = PBXFileReference; lastKnownFileType = file.storyboard; name = Base; path = Base.lproj/LaunchScreen.storyboard; sourceTree = "<group>"; };
		5195C29C1F1D46B00050DD92 /* Info.plist */ = {isa = PBXFileReference; lastKnownFileType = text.plist.xml; path = Info.plist; sourceTree = "<group>"; };
		51A272E71F1D57DE00DF01ED /* CameraStreamView.xib */ = {isa = PBXFileReference; fileEncoding = 4; lastKnownFileType = file.xib; path = CameraStreamView.xib; sourceTree = "<group>"; };
		51BA90061F1D721100718216 /* UIButton.swift */ = {isa = PBXFileReference; fileEncoding = 4; lastKnownFileType = sourcecode.swift; path = UIButton.swift; sourceTree = "<group>"; };
		51BA900B1F1D8F0C00718216 /* ToolTemperatureView.xib */ = {isa = PBXFileReference; fileEncoding = 4; lastKnownFileType = file.xib; path = ToolTemperatureView.xib; sourceTree = "<group>"; };
		51BA900E1F1D934100718216 /* ToolTemperatureView.swift */ = {isa = PBXFileReference; fileEncoding = 4; lastKnownFileType = sourcecode.swift; path = ToolTemperatureView.swift; sourceTree = "<group>"; };
/* End PBXFileReference section */

/* Begin PBXFrameworksBuildPhase section */
		5195C2881F1D46B00050DD92 /* Frameworks */ = {
			isa = PBXFrameworksBuildPhase;
			buildActionMask = 2147483647;
			files = (
			);
			runOnlyForDeploymentPostprocessing = 0;
		};
/* End PBXFrameworksBuildPhase section */

/* Begin PBXGroup section */
		5195C2821F1D46B00050DD92 = {
			isa = PBXGroup;
			children = (
				5195C28D1F1D46B00050DD92 /* AnyPrint */,
				5195C28C1F1D46B00050DD92 /* Products */,
			);
			sourceTree = "<group>";
		};
		5195C28C1F1D46B00050DD92 /* Products */ = {
			isa = PBXGroup;
			children = (
				5195C28B1F1D46B00050DD92 /* AnyPrint.app */,
			);
			name = Products;
			sourceTree = "<group>";
		};
		5195C28D1F1D46B00050DD92 /* AnyPrint */ = {
			isa = PBXGroup;
			children = (
				5195C28E1F1D46B00050DD92 /* AppDelegate.swift */,
				5195C2941F1D46B00050DD92 /* Main.storyboard */,
				51BA90081F1D8EB400718216 /* Custom Views */,
				5195C2971F1D46B00050DD92 /* Assets.xcassets */,
				5195C2991F1D46B00050DD92 /* LaunchScreen.storyboard */,
				5195C29C1F1D46B00050DD92 /* Info.plist */,
			);
			path = AnyPrint;
			sourceTree = "<group>";
		};
		51BA90081F1D8EB400718216 /* Custom Views */ = {
			isa = PBXGroup;
			children = (
				51BA900D1F1D932A00718216 /* ToolTemperatureView */,
				51BA900A1F1D8ECD00718216 /* UIButton */,
				51BA90091F1D8EC200718216 /* CameraStreamView */,
			);
			name = "Custom Views";
			sourceTree = "<group>";
		};
		51BA90091F1D8EC200718216 /* CameraStreamView */ = {
			isa = PBXGroup;
			children = (
				51770D911F1D5F880014271B /* CameraStreamView.swift */,
				51A272E71F1D57DE00DF01ED /* CameraStreamView.xib */,
			);
			name = CameraStreamView;
			sourceTree = "<group>";
		};
		51BA900A1F1D8ECD00718216 /* UIButton */ = {
			isa = PBXGroup;
			children = (
				51BA90061F1D721100718216 /* UIButton.swift */,
			);
			name = UIButton;
			sourceTree = "<group>";
		};
		51BA900D1F1D932A00718216 /* ToolTemperatureView */ = {
			isa = PBXGroup;
			children = (
				51BA900E1F1D934100718216 /* ToolTemperatureView.swift */,
				51BA900B1F1D8F0C00718216 /* ToolTemperatureView.xib */,
			);
			name = ToolTemperatureView;
			sourceTree = "<group>";
		};
/* End PBXGroup section */

/* Begin PBXNativeTarget section */
		5195C28A1F1D46B00050DD92 /* AnyPrint */ = {
			isa = PBXNativeTarget;
			buildConfigurationList = 5195C29F1F1D46B00050DD92 /* Build configuration list for PBXNativeTarget "AnyPrint" */;
			buildPhases = (
				5195C2871F1D46B00050DD92 /* Sources */,
				5195C2881F1D46B00050DD92 /* Frameworks */,
				5195C2891F1D46B00050DD92 /* Resources */,
			);
			buildRules = (
			);
			dependencies = (
			);
			name = AnyPrint;
			productName = AnyPrint;
			productReference = 5195C28B1F1D46B00050DD92 /* AnyPrint.app */;
			productType = "com.apple.product-type.application";
		};
/* End PBXNativeTarget section */

/* Begin PBXProject section */
		5195C2831F1D46B00050DD92 /* Project object */ = {
			isa = PBXProject;
			attributes = {
				LastSwiftUpdateCheck = 0830;
				LastUpgradeCheck = 0830;
				ORGANIZATIONNAME = "Roshan Ravi";
				TargetAttributes = {
					5195C28A1F1D46B00050DD92 = {
						CreatedOnToolsVersion = 8.3.3;
						DevelopmentTeam = XYVQ63GG7X;
						ProvisioningStyle = Automatic;
					};
				};
			};
			buildConfigurationList = 5195C2861F1D46B00050DD92 /* Build configuration list for PBXProject "AnyPrint" */;
			compatibilityVersion = "Xcode 3.2";
			developmentRegion = English;
			hasScannedForEncodings = 0;
			knownRegions = (
				en,
				Base,
			);
			mainGroup = 5195C2821F1D46B00050DD92;
			productRefGroup = 5195C28C1F1D46B00050DD92 /* Products */;
			projectDirPath = "";
			projectRoot = "";
			targets = (
				5195C28A1F1D46B00050DD92 /* AnyPrint */,
			);
		};
/* End PBXProject section */

/* Begin PBXResourcesBuildPhase section */
		5195C2891F1D46B00050DD92 /* Resources */ = {
			isa = PBXResourcesBuildPhase;
			buildActionMask = 2147483647;
			files = (
				5195C29B1F1D46B00050DD92 /* LaunchScreen.storyboard in Resources */,
				5195C2981F1D46B00050DD92 /* Assets.xcassets in Resources */,
				51A272E81F1D57DE00DF01ED /* CameraStreamView.xib in Resources */,
				5195C2961F1D46B00050DD92 /* Main.storyboard in Resources */,
				51BA900C1F1D8F0C00718216 /* ToolTemperatureView.xib in Resources */,
			);
			runOnlyForDeploymentPostprocessing = 0;
		};
/* End PBXResourcesBuildPhase section */

/* Begin PBXSourcesBuildPhase section */
		5195C2871F1D46B00050DD92 /* Sources */ = {
			isa = PBXSourcesBuildPhase;
			buildActionMask = 2147483647;
			files = (
				5195C28F1F1D46B00050DD92 /* AppDelegate.swift in Sources */,
				51770D921F1D5F880014271B /* CameraStreamView.swift in Sources */,
				51BA90071F1D721100718216 /* UIButton.swift in Sources */,
				51BA900F1F1D934100718216 /* ToolTemperatureView.swift in Sources */,
			);
			runOnlyForDeploymentPostprocessing = 0;
		};
/* End PBXSourcesBuildPhase section */

/* Begin PBXVariantGroup section */
		5195C2941F1D46B00050DD92 /* Main.storyboard */ = {
			isa = PBXVariantGroup;
			children = (
				5195C2951F1D46B00050DD92 /* Base */,
			);
			name = Main.storyboard;
			sourceTree = "<group>";
		};
		5195C2991F1D46B00050DD92 /* LaunchScreen.storyboard */ = {
			isa = PBXVariantGroup;
			children = (
				5195C29A1F1D46B00050DD92 /* Base */,
			);
			name = LaunchScreen.storyboard;
			sourceTree = "<group>";
		};
/* End PBXVariantGroup section */

/* Begin XCBuildConfiguration section */
		5195C29D1F1D46B00050DD92 /* Debug */ = {
			isa = XCBuildConfiguration;
			buildSettings = {
				ALWAYS_SEARCH_USER_PATHS = NO;
				CLANG_ANALYZER_NONNULL = YES;
				CLANG_ANALYZER_NUMBER_OBJECT_CONVERSION = YES_AGGRESSIVE;
				CLANG_CXX_LANGUAGE_STANDARD = "gnu++0x";
				CLANG_CXX_LIBRARY = "libc++";
				CLANG_ENABLE_MODULES = YES;
				CLANG_ENABLE_OBJC_ARC = YES;
				CLANG_WARN_BOOL_CONVERSION = YES;
				CLANG_WARN_CONSTANT_CONVERSION = YES;
				CLANG_WARN_DIRECT_OBJC_ISA_USAGE = YES_ERROR;
				CLANG_WARN_DOCUMENTATION_COMMENTS = YES;
				CLANG_WARN_EMPTY_BODY = YES;
				CLANG_WARN_ENUM_CONVERSION = YES;
				CLANG_WARN_INFINITE_RECURSION = YES;
				CLANG_WARN_INT_CONVERSION = YES;
				CLANG_WARN_OBJC_ROOT_CLASS = YES_ERROR;
				CLANG_WARN_SUSPICIOUS_MOVE = YES;
				CLANG_WARN_UNREACHABLE_CODE = YES;
				CLANG_WARN__DUPLICATE_METHOD_MATCH = YES;
				"CODE_SIGN_IDENTITY[sdk=iphoneos*]" = "iPhone Developer";
				COPY_PHASE_STRIP = NO;
				DEBUG_INFORMATION_FORMAT = dwarf;
				ENABLE_STRICT_OBJC_MSGSEND = YES;
				ENABLE_TESTABILITY = YES;
				GCC_C_LANGUAGE_STANDARD = gnu99;
				GCC_DYNAMIC_NO_PIC = NO;
				GCC_NO_COMMON_BLOCKS = YES;
				GCC_OPTIMIZATION_LEVEL = 0;
				GCC_PREPROCESSOR_DEFINITIONS = (
					"DEBUG=1",
					"$(inherited)",
				);
				GCC_WARN_64_TO_32_BIT_CONVERSION = YES;
				GCC_WARN_ABOUT_RETURN_TYPE = YES_ERROR;
				GCC_WARN_UNDECLARED_SELECTOR = YES;
				GCC_WARN_UNINITIALIZED_AUTOS = YES_AGGRESSIVE;
				GCC_WARN_UNUSED_FUNCTION = YES;
				GCC_WARN_UNUSED_VARIABLE = YES;
				IPHONEOS_DEPLOYMENT_TARGET = 10.3;
				MTL_ENABLE_DEBUG_INFO = YES;
				ONLY_ACTIVE_ARCH = YES;
				SDKROOT = iphoneos;
				SWIFT_ACTIVE_COMPILATION_CONDITIONS = DEBUG;
				SWIFT_OPTIMIZATION_LEVEL = "-Onone";
			};
			name = Debug;
		};
		5195C29E1F1D46B00050DD92 /* Release */ = {
			isa = XCBuildConfiguration;
			buildSettings = {
				ALWAYS_SEARCH_USER_PATHS = NO;
				CLANG_ANALYZER_NONNULL = YES;
				CLANG_ANALYZER_NUMBER_OBJECT_CONVERSION = YES_AGGRESSIVE;
				CLANG_CXX_LANGUAGE_STANDARD = "gnu++0x";
				CLANG_CXX_LIBRARY = "libc++";
				CLANG_ENABLE_MODULES = YES;
				CLANG_ENABLE_OBJC_ARC = YES;
				CLANG_WARN_BOOL_CONVERSION = YES;
				CLANG_WARN_CONSTANT_CONVERSION = YES;
				CLANG_WARN_DIRECT_OBJC_ISA_USAGE = YES_ERROR;
				CLANG_WARN_DOCUMENTATION_COMMENTS = YES;
				CLANG_WARN_EMPTY_BODY = YES;
				CLANG_WARN_ENUM_CONVERSION = YES;
				CLANG_WARN_INFINITE_RECURSION = YES;
				CLANG_WARN_INT_CONVERSION = YES;
				CLANG_WARN_OBJC_ROOT_CLASS = YES_ERROR;
				CLANG_WARN_SUSPICIOUS_MOVE = YES;
				CLANG_WARN_UNREACHABLE_CODE = YES;
				CLANG_WARN__DUPLICATE_METHOD_MATCH = YES;
				"CODE_SIGN_IDENTITY[sdk=iphoneos*]" = "iPhone Developer";
				COPY_PHASE_STRIP = NO;
				DEBUG_INFORMATION_FORMAT = "dwarf-with-dsym";
				ENABLE_NS_ASSERTIONS = NO;
				ENABLE_STRICT_OBJC_MSGSEND = YES;
				GCC_C_LANGUAGE_STANDARD = gnu99;
				GCC_NO_COMMON_BLOCKS = YES;
				GCC_WARN_64_TO_32_BIT_CONVERSION = YES;
				GCC_WARN_ABOUT_RETURN_TYPE = YES_ERROR;
				GCC_WARN_UNDECLARED_SELECTOR = YES;
				GCC_WARN_UNINITIALIZED_AUTOS = YES_AGGRESSIVE;
				GCC_WARN_UNUSED_FUNCTION = YES;
				GCC_WARN_UNUSED_VARIABLE = YES;
				IPHONEOS_DEPLOYMENT_TARGET = 10.3;
				MTL_ENABLE_DEBUG_INFO = NO;
				SDKROOT = iphoneos;
				SWIFT_OPTIMIZATION_LEVEL = "-Owholemodule";
				VALIDATE_PRODUCT = YES;
			};
			name = Release;
		};
		5195C2A01F1D46B00050DD92 /* Debug */ = {
			isa = XCBuildConfiguration;
			buildSettings = {
				ASSETCATALOG_COMPILER_APPICON_NAME = AppIcon;
				DEVELOPMENT_TEAM = XYVQ63GG7X;
				INFOPLIST_FILE = AnyPrint/Info.plist;
				LD_RUNPATH_SEARCH_PATHS = "$(inherited) @executable_path/Frameworks";
				PRODUCT_BUNDLE_IDENTIFIER = com.roshanravi.AnyPrint;
				PRODUCT_NAME = "$(TARGET_NAME)";
				SWIFT_VERSION = 3.0;
			};
			name = Debug;
		};
		5195C2A11F1D46B00050DD92 /* Release */ = {
			isa = XCBuildConfiguration;
			buildSettings = {
				ASSETCATALOG_COMPILER_APPICON_NAME = AppIcon;
				DEVELOPMENT_TEAM = XYVQ63GG7X;
				INFOPLIST_FILE = AnyPrint/Info.plist;
				LD_RUNPATH_SEARCH_PATHS = "$(inherited) @executable_path/Frameworks";
				PRODUCT_BUNDLE_IDENTIFIER = com.roshanravi.AnyPrint;
				PRODUCT_NAME = "$(TARGET_NAME)";
				SWIFT_VERSION = 3.0;
			};
			name = Release;
		};
/* End XCBuildConfiguration section */

/* Begin XCConfigurationList section */
		5195C2861F1D46B00050DD92 /* Build configuration list for PBXProject "AnyPrint" */ = {
			isa = XCConfigurationList;
			buildConfigurations = (
				5195C29D1F1D46B00050DD92 /* Debug */,
				5195C29E1F1D46B00050DD92 /* Release */,
			);
			defaultConfigurationIsVisible = 0;
			defaultConfigurationName = Release;
		};
		5195C29F1F1D46B00050DD92 /* Build configuration list for PBXNativeTarget "AnyPrint" */ = {
			isa = XCConfigurationList;
			buildConfigurations = (
				5195C2A01F1D46B00050DD92 /* Debug */,
				5195C2A11F1D46B00050DD92 /* Release */,
			);
			defaultConfigurationIsVisible = 0;
			defaultConfigurationName = Release;
		};
/* End XCConfigurationList section */
	};
	rootObject = 5195C2831F1D46B00050DD92 /* Project object */;
}
